
Microsoft Visual Studio Solution File, Format Version 12.00
# Visual Studio Version 17
VisualStudioVersion = 17.12.35527.113 d17.12
MinimumVisualStudioVersion = 10.0.40219.1
Project("{FAE04EC0-301F-11D3-BF4B-00C04F79EFBC}") = "DNS Sniffer", "DNS Sniffer\DNS Sniffer.csproj", "{B6817A9A-CA9F-4E39-9A36-2CFE9991A7EE}"
EndProject
Global
	GlobalSection(SolutionConfigurationPlatforms) = preSolution
		Debug|Any CPU = Debug|Any CPU
		Release|Any CPU = Release|Any CPU
	EndGlobalSection
	GlobalSection(ProjectConfigurationPlatforms) = postSolution
		{B6817A9A-CA9F-4E39-9A36-2CFE9991A7EE}.Debug|Any CPU.ActiveCfg = Debug|Any CPU
		{B6817A9A-CA9F-4E39-9A36-2CFE9991A7EE}.Debug|Any CPU.Build.0 = Debug|Any CPU
		{B6817A9A-CA9F-4E39-9A36-2CFE9991A7EE}.Release|Any CPU.ActiveCfg = Release|Any CPU
		{B6817A9A-CA9F-4E39-9A36-2CFE9991A7EE}.Release|Any CPU.Build.0 = Release|Any CPU
	EndGlobalSection
	GlobalSection(SolutionProperties) = preSolution
		HideSolutionNode = FALSE
	EndGlobalSection
EndGlobal
